
Microsoft Visual Studio Solution File, Format Version 12.00
# Visual Studio Version 17
VisualStudioVersion = 17.13.35825.156
MinimumVisualStudioVersion = 10.0.40219.1
Project("{FAE04EC0-301F-11D3-BF4B-00C04F79EFBC}") = "BrabantCareWebApi", "BrabantCareWebApi\BrabantCareWebApi.csproj", "{72E033CD-7A10-6C48-577A-392BEAB36413}"
EndProject
Project("{FAE04EC0-301F-11D3-BF4B-00C04F79EFBC}") = "WebAPITestsBrabant", "WebAPITestsBrabant\WebAPITestsBrabant.csproj", "{48C7D1F1-AC1B-56CA-51E7-F0FFC2E581EF}"
EndProject
Global
	GlobalSection(SolutionConfigurationPlatforms) = preSolution
		Debug|Any CPU = Debug|Any CPU
		Release|Any CPU = Release|Any CPU
	EndGlobalSection
	GlobalSection(ProjectConfigurationPlatforms) = postSolution
		{72E033CD-7A10-6C48-577A-392BEAB36413}.Debug|Any CPU.ActiveCfg = Debug|Any CPU
		{72E033CD-7A10-6C48-577A-392BEAB36413}.Debug|Any CPU.Build.0 = Debug|Any CPU
		{72E033CD-7A10-6C48-577A-392BEAB36413}.Release|Any CPU.ActiveCfg = Release|Any CPU
		{72E033CD-7A10-6C48-577A-392BEAB36413}.Release|Any CPU.Build.0 = Release|Any CPU
		{48C7D1F1-AC1B-56CA-51E7-F0FFC2E581EF}.Debug|Any CPU.ActiveCfg = Debug|Any CPU
		{48C7D1F1-AC1B-56CA-51E7-F0FFC2E581EF}.Debug|Any CPU.Build.0 = Debug|Any CPU
		{48C7D1F1-AC1B-56CA-51E7-F0FFC2E581EF}.Release|Any CPU.ActiveCfg = Release|Any CPU
		{48C7D1F1-AC1B-56CA-51E7-F0FFC2E581EF}.Release|Any CPU.Build.0 = Release|Any CPU
	EndGlobalSection
	GlobalSection(SolutionProperties) = preSolution
		HideSolutionNode = FALSE
	EndGlobalSection
	GlobalSection(ExtensibilityGlobals) = postSolution
		SolutionGuid = {E843DE2E-F89B-45D2-8630-B57DDD41E628}
	EndGlobalSection
EndGlobal
